{
  "name": "Kids-Helper",
  "lockfileVersion": 3,
  "requires": true,
  "packages": {
    "": {
      "dependencies": {}
    },
    "node_modules/yandex-maps": {
      "version": "0.0.1",
      "resolved": "https://registry.npmjs.org/yandex-maps/-/yandex-maps-0.0.1.tgz",
      "integrity": "sha512-7gW254ut4HEpSyQEaztSB4lZiuIz/DtS4jvfbJJWHxpuztMNZtYmSVBqhGRSaBgESe8f6T7/fAtEO/FkRHzdXQ=="
    }
  }
}
